
Microsoft Visual Studio Solution File, Format Version 12.00
# Visual Studio 15
VisualStudioVersion = 15.0.27130.2036
MinimumVisualStudioVersion = 10.0.40219.1
Project("{9A19103F-16F7-4668-BE54-9A1E7A4F7556}") = "Training.Docker.WebApp", "Training.Docker.WebApp\Training.Docker.WebApp.csproj", "{73B67A01-333C-49F3-A101-78AEB32A4B50}"
EndProject
Global
	GlobalSection(SolutionConfigurationPlatforms) = preSolution
		Debug|Any CPU = Debug|Any CPU
		Release|Any CPU = Release|Any CPU
	EndGlobalSection
	GlobalSection(ProjectConfigurationPlatforms) = postSolution
		{73B67A01-333C-49F3-A101-78AEB32A4B50}.Debug|Any CPU.ActiveCfg = Debug|Any CPU
		{73B67A01-333C-49F3-A101-78AEB32A4B50}.Debug|Any CPU.Build.0 = Debug|Any CPU
		{73B67A01-333C-49F3-A101-78AEB32A4B50}.Release|Any CPU.ActiveCfg = Release|Any CPU
		{73B67A01-333C-49F3-A101-78AEB32A4B50}.Release|Any CPU.Build.0 = Release|Any CPU
	EndGlobalSection
	GlobalSection(SolutionProperties) = preSolution
		HideSolutionNode = FALSE
	EndGlobalSection
	GlobalSection(ExtensibilityGlobals) = postSolution
		SolutionGuid = {92E5D055-98E2-418A-8708-DEC8FD1A5854}
	EndGlobalSection
EndGlobal
